
Microsoft Visual Studio Solution File, Format Version 12.00
# Visual Studio Version 16
VisualStudioVersion = 16.0.29403.142
MinimumVisualStudioVersion = 10.0.40219.1
Project("{FAE04EC0-301F-11D3-BF4B-00C04F79EFBC}") = "lab2", "WindowsFormsApp1\lab2.csproj", "{505F424F-ACAA-47D0-875D-046282F1C9FD}"
EndProject
Global
	GlobalSection(SolutionConfigurationPlatforms) = preSolution
		Debug|Any CPU = Debug|Any CPU
		Release|Any CPU = Release|Any CPU
	EndGlobalSection
	GlobalSection(ProjectConfigurationPlatforms) = postSolution
		{505F424F-ACAA-47D0-875D-046282F1C9FD}.Debug|Any CPU.ActiveCfg = Debug|Any CPU
		{505F424F-ACAA-47D0-875D-046282F1C9FD}.Debug|Any CPU.Build.0 = Debug|Any CPU
		{505F424F-ACAA-47D0-875D-046282F1C9FD}.Release|Any CPU.ActiveCfg = Release|Any CPU
		{505F424F-ACAA-47D0-875D-046282F1C9FD}.Release|Any CPU.Build.0 = Release|Any CPU
	EndGlobalSection
	GlobalSection(SolutionProperties) = preSolution
		HideSolutionNode = FALSE
	EndGlobalSection
	GlobalSection(ExtensibilityGlobals) = postSolution
		SolutionGuid = {8DF12B13-A9A1-4CDF-9EAE-F5EEC66B431B}
	EndGlobalSection
EndGlobal
